# This file is autogenerated, do not edit; changes may be undone by the next 'dep ensure'.


[[projects]]
  branch = "master"
  digest = "1:44c4757035ebc55f997c29a7513a31b7fccfb00d9328703dab346e8e848d9d41"
  name = "bitbucket.org/seibert-media/events"
  packages = [
    "pkg/service",
    "pkg/version",
  ]
  pruneopts = "UT"
  revision = "729ac2e5f47c97952f883277055d19668e9b4cf3"

[[projects]]
  digest = "1:343234fce400633d27598368aae3e0bf3dae5732bf2931d619e2defafa5875ee"
  name = "github.com/blendle/zapdriver"
  packages = ["."]
  pruneopts = "UT"
  revision = "d2d292b2ee7202aedceb5618bb7b49ce38acb306"
  version = "v1.1.2"

[[projects]]
  digest = "1:fed1f537c2f1269fe475a8556c393fe466641682d73ef8fd0491cd3aa1e47bad"
  name = "github.com/certifi/gocertifi"
  packages = ["."]
  pruneopts = "UT"
  revision = "deb3ae2ef2610fde3330947281941c562861188b"
  version = "2018.01.18"

[[projects]]
  branch = "master"
  digest = "1:64ef2c2f0f508690f06c1b009e1e3103441ce60c2db0323ff94d8d1c560ec10b"
  name = "github.com/getsentry/raven-go"
  packages = ["."]
  pruneopts = "UT"
  revision = "084a9de9eb0361fbd5ded14b55c84e5493a5d7f6"

[[projects]]
  branch = "master"
  digest = "1:6a21dcd5e20c3b24f7c8577cf6c7eb3601847be026ed5d3677ac37d00558c218"
  name = "github.com/kelseyhightower/envconfig"
  packages = ["."]
  pruneopts = "UT"
  revision = "b1e695040f9727934c457f54e258740bb474cc65"
  source = "github.com/seibert-media/envconfig"

[[projects]]
  branch = "master"
  digest = "1:53f75a42d9a187a12e5dc577f2c8456a32b2433725036bb9dc057d035e0c9ad4"
  name = "github.com/kolide/kit"
  packages = ["version"]
  pruneopts = "UT"
  revision = "0c28f72eb2b04f8189b18f94f82361f6b3d5d299"

[[projects]]
  digest = "1:40e195917a951a8bf867cd05de2a46aaf1806c50cf92eebf4c16f78cd196f747"
  name = "github.com/pkg/errors"
  packages = ["."]
  pruneopts = "UT"
  revision = "645ef00459ed84a119197bfb8d8205042c6df63d"
  version = "v0.8.0"

[[projects]]
  branch = "stackdriver"
  digest = "1:bbbaf86a3309845f043aa29efa8cde6605ae12cd6da3e8c75b9c8a5658e6e286"
  name = "github.com/seibert-media/golibs"
  packages = ["log"]
  pruneopts = "UT"
  revision = "45a16cdeea92860b846f8e7200131cb514b2f94f"

[[projects]]
  branch = "master"
  digest = "1:8d251c8804ca36b6703b5dcb75f33c62e77afcd3d7ae12bcac76a86e739128b1"
  name = "github.com/tchap/zapext"
  packages = [
    "types",
    "zapsentry",
  ]
  pruneopts = "UT"
  revision = "e61c0c8823393722ae09ce0faee42fa177088a4b"

[[projects]]
  digest = "1:777e729b475d3895c7229552aa10076f0d177daf37c0a72258006d046d329960"
  name = "go.uber.org/atomic"
  packages = ["."]
  pruneopts = "UT"
  revision = "4e336646b2ef9fc6e47be8e21594178f98e5ebcf"
  version = "v1.2.0"

[[projects]]
  digest = "1:60bf2a5e347af463c42ed31a493d817f8a72f102543060ed992754e689805d1a"
  name = "go.uber.org/multierr"
  packages = ["."]
  pruneopts = "UT"
  revision = "3c4937480c32f4c13a875a1829af76c98ca3d40a"
  version = "v1.1.0"

[[projects]]
  digest = "1:c52caf7bd44f92e54627a31b85baf06a68333a196b3d8d241480a774733dcf8b"
  name = "go.uber.org/zap"
  packages = [
    ".",
    "buffer",
    "internal/bufferpool",
    "internal/color",
    "internal/exit",
    "zapcore",
  ]
  pruneopts = "UT"
  revision = "ff33455a0e382e8a81d14dd7c922020b6b5e7982"
  version = "v1.9.1"

[solve-meta]
  analyzer-name = "dep"
  analyzer-version = 1
  input-imports = [
    "bitbucket.org/seibert-media/events/pkg/service",
    "github.com/seibert-media/golibs/log",
  ]
  solver-name = "gps-cdcl"
  solver-version = 1
